<?xml version="1.0" encoding="utf-8"?>
<Project ToolsVersion="4.0" xmlns="http://schemas.microsoft.com/developer/msbuild/2003">
  <ItemGroup>
    <Filter Include="Source Files">
      <UniqueIdentifier>{4FC737F1-C7A5-4376-A066-2A32D752A2FF}</UniqueIdentifier>
      <Extensions>cpp;c;cc;cxx;def;odl;idl;hpj;bat;asm;asmx</Extensions>
    </Filter>
    <Filter Include="Header Files">
      <UniqueIdentifier>{93995380-89BD-4b04-88EB-625FBE52EBFB}</UniqueIdentifier>
      <Extensions>h;hpp;hxx;hm;inl;inc;xsd</Extensions>
    </Filter>
    <Filter Include="Resource Files">
      <UniqueIdentifier>{67DA6AB6-F800-4c08-8B7A-83BB121AAD01}</UniqueIdentifier>
      <Extensions>rc;ico;cur;bmp;dlg;rc2;rct;bin;rgs;gif;jpg;jpeg;jpe;resx;tiff;tif;png;wav;mfcribbon-ms</Extensions>
    </Filter>
    <Filter Include="poly2tri">
      <UniqueIdentifier>{0d540d7c-d7c3-4772-b7c0-86ec3ca1358d}</UniqueIdentifier>
    </Filter>
  </ItemGroup>
  <ItemGroup>
    <ClCompile Include="..\..\..\..\..\Breakneck-1\Code\poly2tri\common\shapes.cc">
      <Filter>poly2tri</Filter>
    </ClCompile>
    <ClCompile Include="..\..\..\..\..\Breakneck-1\Code\poly2tri\sweep\advancing_front.cc">
      <Filter>poly2tri</Filter>
    </ClCompile>
    <ClCompile Include="..\..\..\..\..\Breakneck-1\Code\poly2tri\sweep\cdt.cc">
      <Filter>poly2tri</Filter>
    </ClCompile>
    <ClCompile Include="..\..\..\..\..\Breakneck-1\Code\poly2tri\sweep\sweep.cc">
      <Filter>poly2tri</Filter>
    </ClCompile>
    <ClCompile Include="..\..\..\..\..\Breakneck-1\Code\poly2tri\sweep\sweep_context.cc">
      <Filter>poly2tri</Filter>
    </ClCompile>
    <ClCompile Include="..\..\..\..\..\Breakneck-1\Code\Action.cpp">
      <Filter>Source Files</Filter>
    </ClCompile>
    <ClCompile Include="..\..\..\..\..\Breakneck-1\Code\Actor.cpp">
      <Filter>Source Files</Filter>
    </ClCompile>
    <ClCompile Include="..\..\..\..\..\Breakneck-1\Code\ActorParams.cpp">
      <Filter>Source Files</Filter>
    </ClCompile>
    <ClCompile Include="..\..\..\..\..\Breakneck-1\Code\Camera.cpp">
      <Filter>Source Files</Filter>
    </ClCompile>
    <ClCompile Include="..\..\..\..\..\Breakneck-1\Code\EditSession.cpp">
      <Filter>Source Files</Filter>
    </ClCompile>
    <ClCompile Include="..\..\..\..\..\Breakneck-1\Code\Enemy.cpp">
      <Filter>Source Files</Filter>
    </ClCompile>
    <ClCompile Include="..\..\..\..\..\Breakneck-1\Code\Enemy_BasicEffect.cpp">
      <Filter>Source Files</Filter>
    </ClCompile>
    <ClCompile Include="..\..\..\..\..\Breakneck-1\Code\Enemy_BasicTurret.cpp">
      <Filter>Source Files</Filter>
    </ClCompile>
    <ClCompile Include="..\..\..\..\..\Breakneck-1\Code\Enemy_Crawler.cpp">
      <Filter>Source Files</Filter>
    </ClCompile>
    <ClCompile Include="..\..\..\..\..\Breakneck-1\Code\Enemy_FootTrap.cpp">
      <Filter>Source Files</Filter>
    </ClCompile>
    <ClCompile Include="..\..\..\..\..\Breakneck-1\Code\Enemy_Goal.cpp">
      <Filter>Source Files</Filter>
    </ClCompile>
    <ClCompile Include="..\..\..\..\..\Breakneck-1\Code\Enemy_Patroller.cpp">
      <Filter>Source Files</Filter>
    </ClCompile>
    <ClCompile Include="..\..\..\..\..\Breakneck-1\Code\EnemyQuadTree.cpp">
      <Filter>Source Files</Filter>
    </ClCompile>
    <ClCompile Include="..\..\..\..\..\Breakneck-1\Code\GameSession.cpp">
      <Filter>Source Files</Filter>
    </ClCompile>
    <ClCompile Include="..\..\..\..\..\Breakneck-1\Code\Gate.cpp">
      <Filter>Source Files</Filter>
    </ClCompile>
    <ClCompile Include="..\..\..\..\..\Breakneck-1\Code\GUI.cpp">
      <Filter>Source Files</Filter>
    </ClCompile>
    <ClCompile Include="..\..\..\..\..\Breakneck-1\Code\Input.cpp">
      <Filter>Source Files</Filter>
    </ClCompile>
    <ClCompile Include="..\..\..\..\..\Breakneck-1\Code\Key.cpp">
      <Filter>Source Files</Filter>
    </ClCompile>
    <ClCompile Include="..\..\..\..\..\Breakneck-1\Code\LevelSelector.cpp">
      <Filter>Source Files</Filter>
    </ClCompile>
    <ClCompile Include="..\..\..\..\..\Breakneck-1\Code\LevelServer.cpp">
      <Filter>Source Files</Filter>
    </ClCompile>
    <ClCompile Include="..\..\..\..\..\Breakneck-1\Code\Light.cpp">
      <Filter>Source Files</Filter>
    </ClCompile>
    <ClCompile Include="..\..\..\..\..\Breakneck-1\Code\MacInput.cpp">
      <Filter>Source Files</Filter>
    </ClCompile>
    <ClCompile Include="..\..\..\..\..\Breakneck-1\Code\main.cpp">
      <Filter>Source Files</Filter>
    </ClCompile>
    <ClCompile Include="..\..\..\..\..\Breakneck-1\Code\Physics.cpp">
      <Filter>Source Files</Filter>
    </ClCompile>
    <ClCompile Include="..\..\..\..\..\Breakneck-1\Code\PlayerChar.cpp">
      <Filter>Source Files</Filter>
    </ClCompile>
    <ClCompile Include="..\..\..\..\..\Breakneck-1\Code\Primitive3D.cpp">
      <Filter>Source Files</Filter>
    </ClCompile>
    <ClCompile Include="..\..\..\..\..\Breakneck-1\Code\QuadTree.cpp">
      <Filter>Source Files</Filter>
    </ClCompile>
    <ClCompile Include="..\..\..\..\..\Breakneck-1\Code\SurfaceMover.cpp">
      <Filter>Source Files</Filter>
    </ClCompile>
    <ClCompile Include="..\..\..\..\..\Breakneck-1\Code\Tileset.cpp">
      <Filter>Source Files</Filter>
    </ClCompile>
    <ClCompile Include="..\..\..\..\..\Breakneck-1\Code\VectorMath.cpp">
      <Filter>Source Files</Filter>
    </ClCompile>
    <ClCompile Include="..\..\..\..\..\Breakneck-1\Code\Wire.cpp">
      <Filter>Source Files</Filter>
    </ClCompile>
    <ClCompile Include="..\..\..\..\..\Breakneck-1\Code\Zone.cpp">
      <Filter>Source Files</Filter>
    </ClCompile>
    <ClCompile Include="..\..\..\..\..\Breakneck-1\Code\Enemy_Boss_Crawler.cpp">
      <Filter>Source Files</Filter>
    </ClCompile>
    <ClCompile Include="..\..\..\..\..\Breakneck-1\Code\Enemy_Monitor.cpp">
      <Filter>Source Files</Filter>
    </ClCompile>
    <ClCompile Include="..\..\..\..\..\Breakneck-1\Code\Enemy_HealthFly.cpp">
      <Filter>Source Files</Filter>
    </ClCompile>
    <ClCompile Include="..\..\..\..\..\Breakneck-1\Code\Enemy_CrawlerReverser.cpp">
      <Filter>Source Files</Filter>
    </ClCompile>
    <ClCompile Include="..\..\..\..\..\Breakneck-1\Code\AirParticles.cpp">
      <Filter>Source Files</Filter>
    </ClCompile>
    <ClCompile Include="..\..\..\..\..\Breakneck-1\Code\flow.cpp">
      <Filter>Source Files</Filter>
    </ClCompile>
    <ClCompile Include="..\..\..\..\..\Breakneck-1\Code\GPUFlow.cpp">
      <Filter>Source Files</Filter>
    </ClCompile>
    <ClCompile Include="..\..\..\..\..\Breakneck-1\Code\Enemy_Bat.cpp">
      <Filter>Source Files</Filter>
    </ClCompile>
    <ClCompile Include="..\..\..\..\..\Breakneck-1\Code\Enemy_CurveTurret.cpp">
      <Filter>Source Files</Filter>
    </ClCompile>
    <ClCompile Include="..\..\..\..\..\Breakneck-1\Code\Enemy_PoisonFrog.cpp">
      <Filter>Source Files</Filter>
    </ClCompile>
    <ClCompile Include="..\..\..\..\..\Breakneck-1\Code\Enemy_StagBeetle.cpp">
      <Filter>Source Files</Filter>
    </ClCompile>
    <ClCompile Include="..\..\..\..\..\Breakneck-1\Code\Mover.cpp">
      <Filter>Source Files</Filter>
    </ClCompile>
    <ClCompile Include="..\..\..\..\..\Breakneck-1\Code\Movement.cpp">
      <Filter>Source Files</Filter>
    </ClCompile>
    <ClCompile Include="..\..\..\..\..\Breakneck-1\Code\Enemy_Ghost.cpp">
      <Filter>Source Files</Filter>
    </ClCompile>
    <ClCompile Include="..\..\..\..\..\Breakneck-1\Code\Enemy_Overgrowth.cpp">
      <Filter>Source Files</Filter>
    </ClCompile>
    <ClCompile Include="..\..\..\..\..\Breakneck-1\Code\Enemy_CoralNanobots.cpp">
      <Filter>Source Files</Filter>
    </ClCompile>
    <ClCompile Include="..\..\..\..\..\Breakneck-1\Code\TerrainPolygon.cpp">
      <Filter>Source Files</Filter>
    </ClCompile>
  </ItemGroup>
  <ItemGroup>
    <ClInclude Include="..\..\..\..\..\Breakneck-1\Code\poly2tri\poly2tri.h">
      <Filter>poly2tri</Filter>
    </ClInclude>
    <ClInclude Include="..\..\..\..\..\Breakneck-1\Code\poly2tri\common\shapes.h">
      <Filter>poly2tri</Filter>
    </ClInclude>
    <ClInclude Include="..\..\..\..\..\Breakneck-1\Code\poly2tri\common\utils.h">
      <Filter>poly2tri</Filter>
    </ClInclude>
    <ClInclude Include="..\..\..\..\..\Breakneck-1\Code\poly2tri\sweep\advancing_front.h">
      <Filter>poly2tri</Filter>
    </ClInclude>
    <ClInclude Include="..\..\..\..\..\Breakneck-1\Code\poly2tri\sweep\cdt.h">
      <Filter>poly2tri</Filter>
    </ClInclude>
    <ClInclude Include="..\..\..\..\..\Breakneck-1\Code\poly2tri\sweep\sweep.h">
      <Filter>poly2tri</Filter>
    </ClInclude>
    <ClInclude Include="..\..\..\..\..\Breakneck-1\Code\poly2tri\sweep\sweep_context.h">
      <Filter>poly2tri</Filter>
    </ClInclude>
    <ClInclude Include="..\..\..\..\..\Breakneck-1\Code\Action.h">
      <Filter>Header Files</Filter>
    </ClInclude>
    <ClInclude Include="..\..\..\..\..\Breakneck-1\Code\Actor.h">
      <Filter>Header Files</Filter>
    </ClInclude>
    <ClInclude Include="..\..\..\..\..\Breakneck-1\Code\Camera.h">
      <Filter>Header Files</Filter>
    </ClInclude>
    <ClInclude Include="..\..\..\..\..\Breakneck-1\Code\EditSession.h">
      <Filter>Header Files</Filter>
    </ClInclude>
    <ClInclude Include="..\..\..\..\..\Breakneck-1\Code\Enemy.h">
      <Filter>Header Files</Filter>
    </ClInclude>
    <ClInclude Include="..\..\..\..\..\Breakneck-1\Code\GameSession.h">
      <Filter>Header Files</Filter>
    </ClInclude>
    <ClInclude Include="..\..\..\..\..\Breakneck-1\Code\Gate.h">
      <Filter>Header Files</Filter>
    </ClInclude>
    <ClInclude Include="..\..\..\..\..\Breakneck-1\Code\GUI.h">
      <Filter>Header Files</Filter>
    </ClInclude>
    <ClInclude Include="..\..\..\..\..\Breakneck-1\Code\Input.h">
      <Filter>Header Files</Filter>
    </ClInclude>
    <ClInclude Include="..\..\..\..\..\Breakneck-1\Code\LevelSelector.h">
      <Filter>Header Files</Filter>
    </ClInclude>
    <ClInclude Include="..\..\..\..\..\Breakneck-1\Code\LevelServer.h">
      <Filter>Header Files</Filter>
    </ClInclude>
    <ClInclude Include="..\..\..\..\..\Breakneck-1\Code\Light.h">
      <Filter>Header Files</Filter>
    </ClInclude>
    <ClInclude Include="..\..\..\..\..\Breakneck-1\Code\MacInput.h">
      <Filter>Header Files</Filter>
    </ClInclude>
    <ClInclude Include="..\..\..\..\..\Breakneck-1\Code\Physics.h">
      <Filter>Header Files</Filter>
    </ClInclude>
    <ClInclude Include="..\..\..\..\..\Breakneck-1\Code\PlayerChar.h">
      <Filter>Header Files</Filter>
    </ClInclude>
    <ClInclude Include="..\..\..\..\..\Breakneck-1\Code\Primitive3D.h">
      <Filter>Header Files</Filter>
    </ClInclude>
    <ClInclude Include="..\..\..\..\..\Breakneck-1\Code\QuadTree.h">
      <Filter>Header Files</Filter>
    </ClInclude>
    <ClInclude Include="..\..\..\..\..\Breakneck-1\Code\SurfaceMover.h">
      <Filter>Header Files</Filter>
    </ClInclude>
    <ClInclude Include="..\..\..\..\..\Breakneck-1\Code\Tileset.h">
      <Filter>Header Files</Filter>
    </ClInclude>
    <ClInclude Include="..\..\..\..\..\Breakneck-1\Code\Wire.h">
      <Filter>Header Files</Filter>
    </ClInclude>
    <ClInclude Include="..\..\..\..\..\Breakneck-1\Code\VectorMath.h">
      <Filter>Header Files</Filter>
    </ClInclude>
    <ClInclude Include="..\..\..\..\..\Breakneck-1\Code\Zone.h">
      <Filter>Header Files</Filter>
    </ClInclude>
    <ClInclude Include="..\..\..\..\..\Breakneck-1\Code\AirParticles.h">
      <Filter>Header Files</Filter>
    </ClInclude>
    <ClInclude Include="..\..\..\..\..\Breakneck-1\Code\flow.h">
      <Filter>Header Files</Filter>
    </ClInclude>
    <ClInclude Include="..\..\..\..\..\Breakneck-1\Code\Mover.h">
      <Filter>Header Files</Filter>
    </ClInclude>
    <ClInclude Include="..\..\..\..\..\Breakneck-1\Code\Movement.h">
      <Filter>Header Files</Filter>
    </ClInclude>
  </ItemGroup>
</Project>